
Microsoft Visual Studio Solution File, Format Version 12.00
# Visual Studio 14
VisualStudioVersion = 14.0.22823.1
MinimumVisualStudioVersion = 10.0.40219.1
Project("{FAE04EC0-301F-11D3-BF4B-00C04F79EFBC}") = "SupermarketManagement", "SMM\SupermarketManagement.csproj", "{EEE2AB8B-7674-4F1D-8C3A-FBDF1AAFF728}"
EndProject
Project("{2150E333-8FDC-42A3-9474-1A3956D46DE8}") = "BLL", "BLL", "{7D28DFAB-F50D-49DC-8BE7-16169F8BC81F}"
EndProject
Project("{2150E333-8FDC-42A3-9474-1A3956D46DE8}") = "DAL", "DAL", "{C37570B0-7B63-479D-B24C-2C870845A0EA}"
EndProject
Project("{2150E333-8FDC-42A3-9474-1A3956D46DE8}") = "DBHelper", "DBHelper", "{68E605AA-4DE5-456B-81DC-10FD6546DE6F}"
EndProject
Project("{2150E333-8FDC-42A3-9474-1A3956D46DE8}") = "Model", "Model", "{F4FD9A84-C00D-4F1A-B743-5E244A8BFEB7}"
EndProject
Project("{FAE04EC0-301F-11D3-BF4B-00C04F79EFBC}") = "BLL", "BLL\BLL.csproj", "{D4C3C660-0424-4AF0-969D-FCB2D791962A}"
EndProject
Project("{FAE04EC0-301F-11D3-BF4B-00C04F79EFBC}") = "DAL", "DAL\DAL.csproj", "{CEB94138-F326-4A92-AF5E-820CE91CEB2D}"
EndProject
Project("{FAE04EC0-301F-11D3-BF4B-00C04F79EFBC}") = "DBHelper", "DBHelper\DBHelper.csproj", "{8E7436CC-CB8F-4306-A7DE-2E362CAB81BF}"
EndProject
Project("{FAE04EC0-301F-11D3-BF4B-00C04F79EFBC}") = "Model", "Model\Model.csproj", "{061250FF-4756-4C7A-8480-E523B7A98C3A}"
EndProject
Global
	GlobalSection(SolutionConfigurationPlatforms) = preSolution
		Debug|Any CPU = Debug|Any CPU
		Release|Any CPU = Release|Any CPU
	EndGlobalSection
	GlobalSection(ProjectConfigurationPlatforms) = postSolution
		{EEE2AB8B-7674-4F1D-8C3A-FBDF1AAFF728}.Debug|Any CPU.ActiveCfg = Debug|Any CPU
		{EEE2AB8B-7674-4F1D-8C3A-FBDF1AAFF728}.Debug|Any CPU.Build.0 = Debug|Any CPU
		{EEE2AB8B-7674-4F1D-8C3A-FBDF1AAFF728}.Release|Any CPU.ActiveCfg = Release|Any CPU
		{EEE2AB8B-7674-4F1D-8C3A-FBDF1AAFF728}.Release|Any CPU.Build.0 = Release|Any CPU
		{D4C3C660-0424-4AF0-969D-FCB2D791962A}.Debug|Any CPU.ActiveCfg = Debug|Any CPU
		{D4C3C660-0424-4AF0-969D-FCB2D791962A}.Debug|Any CPU.Build.0 = Debug|Any CPU
		{D4C3C660-0424-4AF0-969D-FCB2D791962A}.Release|Any CPU.ActiveCfg = Release|Any CPU
		{D4C3C660-0424-4AF0-969D-FCB2D791962A}.Release|Any CPU.Build.0 = Release|Any CPU
		{CEB94138-F326-4A92-AF5E-820CE91CEB2D}.Debug|Any CPU.ActiveCfg = Debug|Any CPU
		{CEB94138-F326-4A92-AF5E-820CE91CEB2D}.Debug|Any CPU.Build.0 = Debug|Any CPU
		{CEB94138-F326-4A92-AF5E-820CE91CEB2D}.Release|Any CPU.ActiveCfg = Release|Any CPU
		{CEB94138-F326-4A92-AF5E-820CE91CEB2D}.Release|Any CPU.Build.0 = Release|Any CPU
		{8E7436CC-CB8F-4306-A7DE-2E362CAB81BF}.Debug|Any CPU.ActiveCfg = Debug|Any CPU
		{8E7436CC-CB8F-4306-A7DE-2E362CAB81BF}.Debug|Any CPU.Build.0 = Debug|Any CPU
		{8E7436CC-CB8F-4306-A7DE-2E362CAB81BF}.Release|Any CPU.ActiveCfg = Release|Any CPU
		{8E7436CC-CB8F-4306-A7DE-2E362CAB81BF}.Release|Any CPU.Build.0 = Release|Any CPU
		{061250FF-4756-4C7A-8480-E523B7A98C3A}.Debug|Any CPU.ActiveCfg = Debug|Any CPU
		{061250FF-4756-4C7A-8480-E523B7A98C3A}.Debug|Any CPU.Build.0 = Debug|Any CPU
		{061250FF-4756-4C7A-8480-E523B7A98C3A}.Release|Any CPU.ActiveCfg = Release|Any CPU
		{061250FF-4756-4C7A-8480-E523B7A98C3A}.Release|Any CPU.Build.0 = Release|Any CPU
	EndGlobalSection
	GlobalSection(SolutionProperties) = preSolution
		HideSolutionNode = FALSE
	EndGlobalSection
	GlobalSection(NestedProjects) = preSolution
		{D4C3C660-0424-4AF0-969D-FCB2D791962A} = {7D28DFAB-F50D-49DC-8BE7-16169F8BC81F}
		{CEB94138-F326-4A92-AF5E-820CE91CEB2D} = {C37570B0-7B63-479D-B24C-2C870845A0EA}
		{8E7436CC-CB8F-4306-A7DE-2E362CAB81BF} = {68E605AA-4DE5-456B-81DC-10FD6546DE6F}
		{061250FF-4756-4C7A-8480-E523B7A98C3A} = {F4FD9A84-C00D-4F1A-B743-5E244A8BFEB7}
	EndGlobalSection
EndGlobal
